// !$*UTF8*$!
{
	archiveVersion = 1;
	classes = {
	};
	objectVersion = 46;
	objects = {

/* Begin PBXBuildFile section */
		DD79C3D71ED7018C00922B18 /* AppDelegate.swift in Sources */ = {isa = PBXBuildFile; fileRef = DD79C3D61ED7018C00922B18 /* AppDelegate.swift */; };
		DD79C3DC1ED7018C00922B18 /* Main.storyboard in Resources */ = {isa = PBXBuildFile; fileRef = DD79C3DA1ED7018C00922B18 /* Main.storyboard */; };
		DD79C3DE1ED7018C00922B18 /* Assets.xcassets in Resources */ = {isa = PBXBuildFile; fileRef = DD79C3DD1ED7018C00922B18 /* Assets.xcassets */; };
		DD79C3E11ED7018C00922B18 /* LaunchScreen.storyboard in Resources */ = {isa = PBXBuildFile; fileRef = DD79C3DF1ED7018C00922B18 /* LaunchScreen.storyboard */; };
		DD79C3E91ED7027800922B18 /* GameViewController.swift in Sources */ = {isa = PBXBuildFile; fileRef = DD79C3E81ED7027800922B18 /* GameViewController.swift */; };
		DD79C3EC1ED732C100922B18 /* Board.swift in Sources */ = {isa = PBXBuildFile; fileRef = DD79C3EB1ED732C100922B18 /* Board.swift */; };
		DD91C8D71ED95B8900E4BE22 /* AI.swift in Sources */ = {isa = PBXBuildFile; fileRef = DD91C8D61ED95B8900E4BE22 /* AI.swift */; };
		DD91C8D91ED9BAC700E4BE22 /* SelectColorViewController.swift in Sources */ = {isa = PBXBuildFile; fileRef = DD91C8D81ED9BAC700E4BE22 /* SelectColorViewController.swift */; };
		DDD16A781ED826AE00B29912 /* Player.swift in Sources */ = {isa = PBXBuildFile; fileRef = DDD16A771ED826AE00B29912 /* Player.swift */; };
		DDD16A7A1ED8309800B29912 /* Move.swift in Sources */ = {isa = PBXBuildFile; fileRef = DDD16A791ED8309800B29912 /* Move.swift */; };
/* End PBXBuildFile section */

/* Begin PBXFileReference section */
		DD79C3D31ED7018C00922B18 /* connect4.app */ = {isa = PBXFileReference; explicitFileType = wrapper.application; includeInIndex = 0; path = connect4.app; sourceTree = BUILT_PRODUCTS_DIR; };
		DD79C3D61ED7018C00922B18 /* AppDelegate.swift */ = {isa = PBXFileReference; lastKnownFileType = sourcecode.swift; path = AppDelegate.swift; sourceTree = "<group>"; };
		DD79C3DB1ED7018C00922B18 /* Base */ = {isa = PBXFileReference; lastKnownFileType = file.storyboard; name = Base; path = Base.lproj/Main.storyboard; sourceTree = "<group>"; };
		DD79C3DD1ED7018C00922B18 /* Assets.xcassets */ = {isa = PBXFileReference; lastKnownFileType = folder.assetcatalog; path = Assets.xcassets; sourceTree = "<group>"; };
		DD79C3E01ED7018C00922B18 /* Base */ = {isa = PBXFileReference; lastKnownFileType = file.storyboard; name = Base; path = Base.lproj/LaunchScreen.storyboard; sourceTree = "<group>"; };
		DD79C3E21ED7018C00922B18 /* Info.plist */ = {isa = PBXFileReference; lastKnownFileType = text.plist.xml; path = Info.plist; sourceTree = "<group>"; };
		DD79C3E81ED7027800922B18 /* GameViewController.swift */ = {isa = PBXFileReference; fileEncoding = 4; lastKnownFileType = sourcecode.swift; path = GameViewController.swift; sourceTree = "<group>"; };
		DD79C3EB1ED732C100922B18 /* Board.swift */ = {isa = PBXFileReference; fileEncoding = 4; lastKnownFileType = sourcecode.swift; path = Board.swift; sourceTree = "<group>"; };
		DD91C8D61ED95B8900E4BE22 /* AI.swift */ = {isa = PBXFileReference; fileEncoding = 4; lastKnownFileType = sourcecode.swift; path = AI.swift; sourceTree = "<group>"; };
		DD91C8D81ED9BAC700E4BE22 /* SelectColorViewController.swift */ = {isa = PBXFileReference; fileEncoding = 4; lastKnownFileType = sourcecode.swift; path = SelectColorViewController.swift; sourceTree = "<group>"; };
		DDD16A771ED826AE00B29912 /* Player.swift */ = {isa = PBXFileReference; fileEncoding = 4; lastKnownFileType = sourcecode.swift; path = Player.swift; sourceTree = "<group>"; };
		DDD16A791ED8309800B29912 /* Move.swift */ = {isa = PBXFileReference; fileEncoding = 4; lastKnownFileType = sourcecode.swift; path = Move.swift; sourceTree = "<group>"; };
/* End PBXFileReference section */

/* Begin PBXFrameworksBuildPhase section */
		DD79C3D01ED7018C00922B18 /* Frameworks */ = {
			isa = PBXFrameworksBuildPhase;
			buildActionMask = 2147483647;
			files = (
			);
			runOnlyForDeploymentPostprocessing = 0;
		};
/* End PBXFrameworksBuildPhase section */

/* Begin PBXGroup section */
		DD79C3CA1ED7018C00922B18 = {
			isa = PBXGroup;
			children = (
				DD79C3D51ED7018C00922B18 /* connect4 */,
				DD79C3D41ED7018C00922B18 /* Products */,
			);
			sourceTree = "<group>";
		};
		DD79C3D41ED7018C00922B18 /* Products */ = {
			isa = PBXGroup;
			children = (
				DD79C3D31ED7018C00922B18 /* connect4.app */,
			);
			name = Products;
			sourceTree = "<group>";
		};
		DD79C3D51ED7018C00922B18 /* connect4 */ = {
			isa = PBXGroup;
			children = (
				DD79C3EA1ED7329C00922B18 /* Model */,
				DD79C3D61ED7018C00922B18 /* AppDelegate.swift */,
				DD79C3DA1ED7018C00922B18 /* Main.storyboard */,
				DD79C3DD1ED7018C00922B18 /* Assets.xcassets */,
				DD79C3DF1ED7018C00922B18 /* LaunchScreen.storyboard */,
				DD79C3E21ED7018C00922B18 /* Info.plist */,
				DD79C3E81ED7027800922B18 /* GameViewController.swift */,
				DD91C8D81ED9BAC700E4BE22 /* SelectColorViewController.swift */,
			);
			path = connect4;
			sourceTree = "<group>";
		};
		DD79C3EA1ED7329C00922B18 /* Model */ = {
			isa = PBXGroup;
			children = (
				DD79C3EB1ED732C100922B18 /* Board.swift */,
				DDD16A771ED826AE00B29912 /* Player.swift */,
				DDD16A791ED8309800B29912 /* Move.swift */,
				DD91C8D61ED95B8900E4BE22 /* AI.swift */,
			);
			name = Model;
			sourceTree = "<group>";
		};
/* End PBXGroup section */

/* Begin PBXNativeTarget section */
		DD79C3D21ED7018C00922B18 /* connect4 */ = {
			isa = PBXNativeTarget;
			buildConfigurationList = DD79C3E51ED7018C00922B18 /* Build configuration list for PBXNativeTarget "connect4" */;
			buildPhases = (
				DD79C3CF1ED7018C00922B18 /* Sources */,
				DD79C3D01ED7018C00922B18 /* Frameworks */,
				DD79C3D11ED7018C00922B18 /* Resources */,
			);
			buildRules = (
			);
			dependencies = (
			);
			name = connect4;
			productName = connect4;
			productReference = DD79C3D31ED7018C00922B18 /* connect4.app */;
			productType = "com.apple.product-type.application";
		};
/* End PBXNativeTarget section */

/* Begin PBXProject section */
		DD79C3CB1ED7018C00922B18 /* Project object */ = {
			isa = PBXProject;
			attributes = {
				LastSwiftUpdateCheck = 0830;
				LastUpgradeCheck = 0830;
				ORGANIZATIONNAME = laura.sempere.com;
				TargetAttributes = {
					DD79C3D21ED7018C00922B18 = {
						CreatedOnToolsVersion = 8.3.2;
						DevelopmentTeam = UFM2263SJB;
						ProvisioningStyle = Automatic;
					};
				};
			};
			buildConfigurationList = DD79C3CE1ED7018C00922B18 /* Build configuration list for PBXProject "connect4" */;
			compatibilityVersion = "Xcode 3.2";
			developmentRegion = English;
			hasScannedForEncodings = 0;
			knownRegions = (
				en,
				Base,
			);
			mainGroup = DD79C3CA1ED7018C00922B18;
			productRefGroup = DD79C3D41ED7018C00922B18 /* Products */;
			projectDirPath = "";
			projectRoot = "";
			targets = (
				DD79C3D21ED7018C00922B18 /* connect4 */,
			);
		};
/* End PBXProject section */

/* Begin PBXResourcesBuildPhase section */
		DD79C3D11ED7018C00922B18 /* Resources */ = {
			isa = PBXResourcesBuildPhase;
			buildActionMask = 2147483647;
			files = (
				DD79C3E11ED7018C00922B18 /* LaunchScreen.storyboard in Resources */,
				DD79C3DE1ED7018C00922B18 /* Assets.xcassets in Resources */,
				DD79C3DC1ED7018C00922B18 /* Main.storyboard in Resources */,
			);
			runOnlyForDeploymentPostprocessing = 0;
		};
/* End PBXResourcesBuildPhase section */

/* Begin PBXSourcesBuildPhase section */
		DD79C3CF1ED7018C00922B18 /* Sources */ = {
			isa = PBXSourcesBuildPhase;
			buildActionMask = 2147483647;
			files = (
				DDD16A7A1ED8309800B29912 /* Move.swift in Sources */,
				DDD16A781ED826AE00B29912 /* Player.swift in Sources */,
				DD79C3E91ED7027800922B18 /* GameViewController.swift in Sources */,
				DD79C3D71ED7018C00922B18 /* AppDelegate.swift in Sources */,
				DD79C3EC1ED732C100922B18 /* Board.swift in Sources */,
				DD91C8D71ED95B8900E4BE22 /* AI.swift in Sources */,
				DD91C8D91ED9BAC700E4BE22 /* SelectColorViewController.swift in Sources */,
			);
			runOnlyForDeploymentPostprocessing = 0;
		};
/* End PBXSourcesBuildPhase section */

/* Begin PBXVariantGroup section */
		DD79C3DA1ED7018C00922B18 /* Main.storyboard */ = {
			isa = PBXVariantGroup;
			children = (
				DD79C3DB1ED7018C00922B18 /* Base */,
			);
			name = Main.storyboard;
			sourceTree = "<group>";
		};
		DD79C3DF1ED7018C00922B18 /* LaunchScreen.storyboard */ = {
			isa = PBXVariantGroup;
			children = (
				DD79C3E01ED7018C00922B18 /* Base */,
			);
			name = LaunchScreen.storyboard;
			sourceTree = "<group>";
		};
/* End PBXVariantGroup section */

/* Begin XCBuildConfiguration section */
		DD79C3E31ED7018C00922B18 /* Debug */ = {
			isa = XCBuildConfiguration;
			buildSettings = {
				ALWAYS_SEARCH_USER_PATHS = NO;
				CLANG_ANALYZER_NONNULL = YES;
				CLANG_ANALYZER_NUMBER_OBJECT_CONVERSION = YES_AGGRESSIVE;
				CLANG_CXX_LANGUAGE_STANDARD = "gnu++0x";
				CLANG_CXX_LIBRARY = "libc++";
				CLANG_ENABLE_MODULES = YES;
				CLANG_ENABLE_OBJC_ARC = YES;
				CLANG_WARN_BOOL_CONVERSION = YES;
				CLANG_WARN_CONSTANT_CONVERSION = YES;
				CLANG_WARN_DIRECT_OBJC_ISA_USAGE = YES_ERROR;
				CLANG_WARN_DOCUMENTATION_COMMENTS = YES;
				CLANG_WARN_EMPTY_BODY = YES;
				CLANG_WARN_ENUM_CONVERSION = YES;
				CLANG_WARN_INFINITE_RECURSION = YES;
				CLANG_WARN_INT_CONVERSION = YES;
				CLANG_WARN_OBJC_ROOT_CLASS = YES_ERROR;
				CLANG_WARN_SUSPICIOUS_MOVE = YES;
				CLANG_WARN_UNREACHABLE_CODE = YES;
				CLANG_WARN__DUPLICATE_METHOD_MATCH = YES;
				"CODE_SIGN_IDENTITY[sdk=iphoneos*]" = "iPhone Developer";
				COPY_PHASE_STRIP = NO;
				DEBUG_INFORMATION_FORMAT = dwarf;
				ENABLE_STRICT_OBJC_MSGSEND = YES;
				ENABLE_TESTABILITY = YES;
				GCC_C_LANGUAGE_STANDARD = gnu99;
				GCC_DYNAMIC_NO_PIC = NO;
				GCC_NO_COMMON_BLOCKS = YES;
				GCC_OPTIMIZATION_LEVEL = 0;
				GCC_PREPROCESSOR_DEFINITIONS = (
					"DEBUG=1",
					"$(inherited)",
				);
				GCC_WARN_64_TO_32_BIT_CONVERSION = YES;
				GCC_WARN_ABOUT_RETURN_TYPE = YES_ERROR;
				GCC_WARN_UNDECLARED_SELECTOR = YES;
				GCC_WARN_UNINITIALIZED_AUTOS = YES_AGGRESSIVE;
				GCC_WARN_UNUSED_FUNCTION = YES;
				GCC_WARN_UNUSED_VARIABLE = YES;
				IPHONEOS_DEPLOYMENT_TARGET = 10.3;
				MTL_ENABLE_DEBUG_INFO = YES;
				ONLY_ACTIVE_ARCH = YES;
				SDKROOT = iphoneos;
				SWIFT_ACTIVE_COMPILATION_CONDITIONS = DEBUG;
				SWIFT_OPTIMIZATION_LEVEL = "-Onone";
				TARGETED_DEVICE_FAMILY = "1,2";
			};
			name = Debug;
		};
		DD79C3E41ED7018C00922B18 /* Release */ = {
			isa = XCBuildConfiguration;
			buildSettings = {
				ALWAYS_SEARCH_USER_PATHS = NO;
				CLANG_ANALYZER_NONNULL = YES;
				CLANG_ANALYZER_NUMBER_OBJECT_CONVERSION = YES_AGGRESSIVE;
				CLANG_CXX_LANGUAGE_STANDARD = "gnu++0x";
				CLANG_CXX_LIBRARY = "libc++";
				CLANG_ENABLE_MODULES = YES;
				CLANG_ENABLE_OBJC_ARC = YES;
				CLANG_WARN_BOOL_CONVERSION = YES;
				CLANG_WARN_CONSTANT_CONVERSION = YES;
				CLANG_WARN_DIRECT_OBJC_ISA_USAGE = YES_ERROR;
				CLANG_WARN_DOCUMENTATION_COMMENTS = YES;
				CLANG_WARN_EMPTY_BODY = YES;
				CLANG_WARN_ENUM_CONVERSION = YES;
				CLANG_WARN_INFINITE_RECURSION = YES;
				CLANG_WARN_INT_CONVERSION = YES;
				CLANG_WARN_OBJC_ROOT_CLASS = YES_ERROR;
				CLANG_WARN_SUSPICIOUS_MOVE = YES;
				CLANG_WARN_UNREACHABLE_CODE = YES;
				CLANG_WARN__DUPLICATE_METHOD_MATCH = YES;
				"CODE_SIGN_IDENTITY[sdk=iphoneos*]" = "iPhone Developer";
				COPY_PHASE_STRIP = NO;
				DEBUG_INFORMATION_FORMAT = "dwarf-with-dsym";
				ENABLE_NS_ASSERTIONS = NO;
				ENABLE_STRICT_OBJC_MSGSEND = YES;
				GCC_C_LANGUAGE_STANDARD = gnu99;
				GCC_NO_COMMON_BLOCKS = YES;
				GCC_WARN_64_TO_32_BIT_CONVERSION = YES;
				GCC_WARN_ABOUT_RETURN_TYPE = YES_ERROR;
				GCC_WARN_UNDECLARED_SELECTOR = YES;
				GCC_WARN_UNINITIALIZED_AUTOS = YES_AGGRESSIVE;
				GCC_WARN_UNUSED_FUNCTION = YES;
				GCC_WARN_UNUSED_VARIABLE = YES;
				IPHONEOS_DEPLOYMENT_TARGET = 10.3;
				MTL_ENABLE_DEBUG_INFO = NO;
				SDKROOT = iphoneos;
				SWIFT_OPTIMIZATION_LEVEL = "-Owholemodule";
				TARGETED_DEVICE_FAMILY = "1,2";
				VALIDATE_PRODUCT = YES;
			};
			name = Release;
		};
		DD79C3E61ED7018C00922B18 /* Debug */ = {
			isa = XCBuildConfiguration;
			buildSettings = {
				ASSETCATALOG_COMPILER_APPICON_NAME = AppIcon;
				DEVELOPMENT_TEAM = UFM2263SJB;
				INFOPLIST_FILE = connect4/Info.plist;
				LD_RUNPATH_SEARCH_PATHS = "$(inherited) @executable_path/Frameworks";
				PRODUCT_BUNDLE_IDENTIFIER = laura.sempere.connect4.connect4;
				PRODUCT_NAME = "$(TARGET_NAME)";
				SWIFT_VERSION = 3.0;
				TARGETED_DEVICE_FAMILY = 1;
			};
			name = Debug;
		};
		DD79C3E71ED7018C00922B18 /* Release */ = {
			isa = XCBuildConfiguration;
			buildSettings = {
				ASSETCATALOG_COMPILER_APPICON_NAME = AppIcon;
				DEVELOPMENT_TEAM = UFM2263SJB;
				INFOPLIST_FILE = connect4/Info.plist;
				LD_RUNPATH_SEARCH_PATHS = "$(inherited) @executable_path/Frameworks";
				PRODUCT_BUNDLE_IDENTIFIER = laura.sempere.connect4.connect4;
				PRODUCT_NAME = "$(TARGET_NAME)";
				SWIFT_VERSION = 3.0;
				TARGETED_DEVICE_FAMILY = 1;
			};
			name = Release;
		};
/* End XCBuildConfiguration section */

/* Begin XCConfigurationList section */
		DD79C3CE1ED7018C00922B18 /* Build configuration list for PBXProject "connect4" */ = {
			isa = XCConfigurationList;
			buildConfigurations = (
				DD79C3E31ED7018C00922B18 /* Debug */,
				DD79C3E41ED7018C00922B18 /* Release */,
			);
			defaultConfigurationIsVisible = 0;
			defaultConfigurationName = Release;
		};
		DD79C3E51ED7018C00922B18 /* Build configuration list for PBXNativeTarget "connect4" */ = {
			isa = XCConfigurationList;
			buildConfigurations = (
				DD79C3E61ED7018C00922B18 /* Debug */,
				DD79C3E71ED7018C00922B18 /* Release */,
			);
			defaultConfigurationIsVisible = 0;
			defaultConfigurationName = Release;
		};
/* End XCConfigurationList section */
	};
	rootObject = DD79C3CB1ED7018C00922B18 /* Project object */;
}
